{
  "name": "chessserverapi",
  "version": "1.0.0",
  "description": "chessserverapi",
  "main": "index.js",
  "scripts": {
    "test": "echo \"Error: no test specified\" && exit 1"
  },
  "repository": {
    "type": "git",
    "url": "git+https://github.com/joaoribeiro89/chessserverapi.git"
  },
  "keywords": [],
  "author": "",
  "license": "ISC",
  "bugs": {
    "url": "https://github.com/joaoribeiro89/chessserverapi/issues"
  },
  "homepage": "https://github.com/joaoribeiro89/chessserverapi#readme",
  "dependencies": {
    "express": "^4.17.1",
    "socket.io": "^4.0.1"
  }
}
